
Microsoft Visual Studio Solution File, Format Version 12.00
# Visual Studio Version 16
VisualStudioVersion = 16.0.30804.86
MinimumVisualStudioVersion = 10.0.40219.1
Project("{FAE04EC0-301F-11D3-BF4B-00C04F79EFBC}") = "s00199608", "s00199608\s00199608.csproj", "{2D9D48C5-FEC1-4825-A854-66966D28035B}"
EndProject
Global
	GlobalSection(SolutionConfigurationPlatforms) = preSolution
		Debug|Any CPU = Debug|Any CPU
		Release|Any CPU = Release|Any CPU
	EndGlobalSection
	GlobalSection(ProjectConfigurationPlatforms) = postSolution
		{2D9D48C5-FEC1-4825-A854-66966D28035B}.Debug|Any CPU.ActiveCfg = Debug|Any CPU
		{2D9D48C5-FEC1-4825-A854-66966D28035B}.Debug|Any CPU.Build.0 = Debug|Any CPU
		{2D9D48C5-FEC1-4825-A854-66966D28035B}.Release|Any CPU.ActiveCfg = Release|Any CPU
		{2D9D48C5-FEC1-4825-A854-66966D28035B}.Release|Any CPU.Build.0 = Release|Any CPU
	EndGlobalSection
	GlobalSection(SolutionProperties) = preSolution
		HideSolutionNode = FALSE
	EndGlobalSection
	GlobalSection(ExtensibilityGlobals) = postSolution
		SolutionGuid = {99248EC8-7056-4FA6-93A6-DA235D04BB5C}
	EndGlobalSection
EndGlobal
